
Microsoft Visual Studio Solution File, Format Version 12.00
# Visual Studio Version 17
VisualStudioVersion = 17.0.32126.317
MinimumVisualStudioVersion = 10.0.40219.1
Project("{FAE04EC0-301F-11D3-BF4B-00C04F79EFBC}") = "Backend", "Backend\Backend.csproj", "{FA3089AC-0BEB-4FC0-909C-50E1D41086C6}"
EndProject
Project("{FAE04EC0-301F-11D3-BF4B-00C04F79EFBC}") = "Frontend", "Frontend\Frontend.csproj", "{D09D384A-9561-4581-ACF1-5EB6933A807C}"
EndProject
Global
	GlobalSection(SolutionConfigurationPlatforms) = preSolution
		Debug|Any CPU = Debug|Any CPU
		Release|Any CPU = Release|Any CPU
	EndGlobalSection
	GlobalSection(ProjectConfigurationPlatforms) = postSolution
		{FA3089AC-0BEB-4FC0-909C-50E1D41086C6}.Debug|Any CPU.ActiveCfg = Debug|Any CPU
		{FA3089AC-0BEB-4FC0-909C-50E1D41086C6}.Debug|Any CPU.Build.0 = Debug|Any CPU
		{FA3089AC-0BEB-4FC0-909C-50E1D41086C6}.Release|Any CPU.ActiveCfg = Release|Any CPU
		{FA3089AC-0BEB-4FC0-909C-50E1D41086C6}.Release|Any CPU.Build.0 = Release|Any CPU
		{D09D384A-9561-4581-ACF1-5EB6933A807C}.Debug|Any CPU.ActiveCfg = Debug|Any CPU
		{D09D384A-9561-4581-ACF1-5EB6933A807C}.Debug|Any CPU.Build.0 = Debug|Any CPU
		{D09D384A-9561-4581-ACF1-5EB6933A807C}.Release|Any CPU.ActiveCfg = Release|Any CPU
		{D09D384A-9561-4581-ACF1-5EB6933A807C}.Release|Any CPU.Build.0 = Release|Any CPU
	EndGlobalSection
	GlobalSection(SolutionProperties) = preSolution
		HideSolutionNode = FALSE
	EndGlobalSection
	GlobalSection(ExtensibilityGlobals) = postSolution
		SolutionGuid = {74EB4F63-D94F-469F-BB47-33ED3D1ED0B3}
	EndGlobalSection
EndGlobal
